
Microsoft Visual Studio Solution File, Format Version 12.00
# Visual Studio Version 17
VisualStudioVersion = 17.4.33110.190
MinimumVisualStudioVersion = 10.0.40219.1
Project("{FAE04EC0-301F-11D3-BF4B-00C04F79EFBC}") = "Buyer", "Buyer\Buyer.csproj", "{356A21DF-EE40-4A06-8877-09CCAB7AB203}"
EndProject
Global
	GlobalSection(SolutionConfigurationPlatforms) = preSolution
		Debug|Any CPU = Debug|Any CPU
		Release|Any CPU = Release|Any CPU
	EndGlobalSection
	GlobalSection(ProjectConfigurationPlatforms) = postSolution
		{356A21DF-EE40-4A06-8877-09CCAB7AB203}.Debug|Any CPU.ActiveCfg = Debug|Any CPU
		{356A21DF-EE40-4A06-8877-09CCAB7AB203}.Debug|Any CPU.Build.0 = Debug|Any CPU
		{356A21DF-EE40-4A06-8877-09CCAB7AB203}.Release|Any CPU.ActiveCfg = Release|Any CPU
		{356A21DF-EE40-4A06-8877-09CCAB7AB203}.Release|Any CPU.Build.0 = Release|Any CPU
	EndGlobalSection
	GlobalSection(SolutionProperties) = preSolution
		HideSolutionNode = FALSE
	EndGlobalSection
	GlobalSection(ExtensibilityGlobals) = postSolution
		SolutionGuid = {784D243A-1D59-4A30-ACA7-BE3D9B5A8124}
	EndGlobalSection
EndGlobal
